
Microsoft Visual Studio Solution File, Format Version 12.00
# Visual Studio Version 17
VisualStudioVersion = 17.2.32519.379
MinimumVisualStudioVersion = 10.0.40219.1
Project("{FAE04EC0-301F-11D3-BF4B-00C04F79EFBC}") = "DSSW_Anemometer", "DSSW_Anemometer\DSSW_Anemometer.csproj", "{C93B29C5-C3EC-4D6D-91F5-EE1CDD7349DC}"
EndProject
Global
	GlobalSection(SolutionConfigurationPlatforms) = preSolution
		Debug|Any CPU = Debug|Any CPU
		Release|Any CPU = Release|Any CPU
	EndGlobalSection
	GlobalSection(ProjectConfigurationPlatforms) = postSolution
		{C93B29C5-C3EC-4D6D-91F5-EE1CDD7349DC}.Debug|Any CPU.ActiveCfg = Debug|Any CPU
		{C93B29C5-C3EC-4D6D-91F5-EE1CDD7349DC}.Debug|Any CPU.Build.0 = Debug|Any CPU
		{C93B29C5-C3EC-4D6D-91F5-EE1CDD7349DC}.Release|Any CPU.ActiveCfg = Release|Any CPU
		{C93B29C5-C3EC-4D6D-91F5-EE1CDD7349DC}.Release|Any CPU.Build.0 = Release|Any CPU
	EndGlobalSection
	GlobalSection(SolutionProperties) = preSolution
		HideSolutionNode = FALSE
	EndGlobalSection
	GlobalSection(ExtensibilityGlobals) = postSolution
		SolutionGuid = {72460C14-D821-4E19-8075-3D30CC9830F2}
	EndGlobalSection
EndGlobal
